// !$*UTF8*$!
{
	archiveVersion = 1;
	classes = {
	};
	objectVersion = 55;
	objects = {

/* Begin PBXBuildFile section */
		401D74C02732124900D915FE /* DemoView.swift in Sources */ = {isa = PBXBuildFile; fileRef = 401D74BF2732124900D915FE /* DemoView.swift */; };
		401D74C22732131C00D915FE /* Arrow.swift in Sources */ = {isa = PBXBuildFile; fileRef = 401D74C12732131C00D915FE /* Arrow.swift */; };
		401D74C5273213EC00D915FE /* FocusAlignment.swift in Sources */ = {isa = PBXBuildFile; fileRef = 401D74C4273213EC00D915FE /* FocusAlignment.swift */; };
		401D74C72732152800D915FE /* ViewExtensions.swift in Sources */ = {isa = PBXBuildFile; fileRef = 401D74C62732152800D915FE /* ViewExtensions.swift */; };
		401D74C9273215E600D915FE /* FocusModifier.swift in Sources */ = {isa = PBXBuildFile; fileRef = 401D74C8273215E600D915FE /* FocusModifier.swift */; };
		401D74CB2732168300D915FE /* FocusAreaModifier.swift in Sources */ = {isa = PBXBuildFile; fileRef = 401D74CA2732168300D915FE /* FocusAreaModifier.swift */; };
		40238A2A2672468C00E1519F /* WWDC21App.swift in Sources */ = {isa = PBXBuildFile; fileRef = 40238A292672468C00E1519F /* WWDC21App.swift */; };
		40238A2E2672468E00E1519F /* Assets.xcassets in Resources */ = {isa = PBXBuildFile; fileRef = 40238A2D2672468E00E1519F /* Assets.xcassets */; };
		40238A312672468E00E1519F /* Preview Assets.xcassets in Resources */ = {isa = PBXBuildFile; fileRef = 40238A302672468E00E1519F /* Preview Assets.xcassets */; };
		40238A39267246B300E1519F /* LoginView.swift in Sources */ = {isa = PBXBuildFile; fileRef = 40238A38267246B300E1519F /* LoginView.swift */; };
		407FB0FB2738416A0056CBF7 /* PulsatingAnimation.swift in Sources */ = {isa = PBXBuildFile; fileRef = 407FB0FA2738416A0056CBF7 /* PulsatingAnimation.swift */; };
		407FB0FD273844630056CBF7 /* BackAndForthAnimation.swift in Sources */ = {isa = PBXBuildFile; fileRef = 407FB0FC273844630056CBF7 /* BackAndForthAnimation.swift */; };
		407FB0FF273846A90056CBF7 /* BackAndForthPulsatingAnimation.swift in Sources */ = {isa = PBXBuildFile; fileRef = 407FB0FE273846A90056CBF7 /* BackAndForthPulsatingAnimation.swift */; };
		4086AB49267CD20400A932F9 /* ImageService.swift in Sources */ = {isa = PBXBuildFile; fileRef = 4086AB48267CD20400A932F9 /* ImageService.swift */; };
		4086AB54267CD32E00A932F9 /* image10.png in Resources */ = {isa = PBXBuildFile; fileRef = 4086AB4A267CD32E00A932F9 /* image10.png */; };
		4086AB55267CD32E00A932F9 /* image5.png in Resources */ = {isa = PBXBuildFile; fileRef = 4086AB4B267CD32E00A932F9 /* image5.png */; };
		4086AB56267CD32E00A932F9 /* image2.png in Resources */ = {isa = PBXBuildFile; fileRef = 4086AB4C267CD32E00A932F9 /* image2.png */; };
		4086AB57267CD32E00A932F9 /* image1.png in Resources */ = {isa = PBXBuildFile; fileRef = 4086AB4D267CD32E00A932F9 /* image1.png */; };
		4086AB58267CD32E00A932F9 /* image4.png in Resources */ = {isa = PBXBuildFile; fileRef = 4086AB4E267CD32E00A932F9 /* image4.png */; };
		4086AB59267CD32E00A932F9 /* image3.png in Resources */ = {isa = PBXBuildFile; fileRef = 4086AB4F267CD32E00A932F9 /* image3.png */; };
		4086AB5A267CD32E00A932F9 /* image6.png in Resources */ = {isa = PBXBuildFile; fileRef = 4086AB50267CD32E00A932F9 /* image6.png */; };
		4086AB5B267CD32E00A932F9 /* image7.png in Resources */ = {isa = PBXBuildFile; fileRef = 4086AB51267CD32E00A932F9 /* image7.png */; };
		4086AB5C267CD32E00A932F9 /* image8.png in Resources */ = {isa = PBXBuildFile; fileRef = 4086AB52267CD32E00A932F9 /* image8.png */; };
		4086AB5D267CD32E00A932F9 /* image9.png in Resources */ = {isa = PBXBuildFile; fileRef = 4086AB53267CD32E00A932F9 /* image9.png */; };
		409F53172680C6F600C2ADD7 /* LoginViewModel.swift in Sources */ = {isa = PBXBuildFile; fileRef = 409F53162680C6F600C2ADD7 /* LoginViewModel.swift */; };
		409F531B2680C8C700C2ADD7 /* HomeView.swift in Sources */ = {isa = PBXBuildFile; fileRef = 409F531A2680C8C700C2ADD7 /* HomeView.swift */; };
		409F531D2680C95500C2ADD7 /* HomeViewModel.swift in Sources */ = {isa = PBXBuildFile; fileRef = 409F531C2680C95500C2ADD7 /* HomeViewModel.swift */; };
		40A8DA0126C01772004125F0 /* MotionView.swift in Sources */ = {isa = PBXBuildFile; fileRef = 40A8DA0026C01772004125F0 /* MotionView.swift */; };
		40A8DA0326C01974004125F0 /* MotionViewModel.swift in Sources */ = {isa = PBXBuildFile; fileRef = 40A8DA0226C01974004125F0 /* MotionViewModel.swift */; };
		40A8DA0526C01BBD004125F0 /* MotionService.swift in Sources */ = {isa = PBXBuildFile; fileRef = 40A8DA0426C01BBD004125F0 /* MotionService.swift */; };
		40A9EB23267B81290016FDEA /* LoginService.swift in Sources */ = {isa = PBXBuildFile; fileRef = 40A9EB22267B81290016FDEA /* LoginService.swift */; };
		40A9EB26267B82320016FDEA /* NetworkService.swift in Sources */ = {isa = PBXBuildFile; fileRef = 40A9EB25267B82320016FDEA /* NetworkService.swift */; };
		40DE9498273B539400F39DA2 /* SpinningAnimation.swift in Sources */ = {isa = PBXBuildFile; fileRef = 40DE9497273B539400F39DA2 /* SpinningAnimation.swift */; };
		40DE949A273B55B400F39DA2 /* RotatingAndSpinningAnimation.swift in Sources */ = {isa = PBXBuildFile; fileRef = 40DE9499273B55B400F39DA2 /* RotatingAndSpinningAnimation.swift */; };
		40DE949E273B569200F39DA2 /* WheelAnimation.swift in Sources */ = {isa = PBXBuildFile; fileRef = 40DE949D273B569200F39DA2 /* WheelAnimation.swift */; };
		40F936F32693851A00A69B69 /* Book.swift in Sources */ = {isa = PBXBuildFile; fileRef = 40F936F22693851A00A69B69 /* Book.swift */; };
		40F936F62693855000A69B69 /* WWDCTab.swift in Sources */ = {isa = PBXBuildFile; fileRef = 40F936F52693855000A69B69 /* WWDCTab.swift */; };
		40F936F82693858100A69B69 /* BooksView.swift in Sources */ = {isa = PBXBuildFile; fileRef = 40F936F72693858100A69B69 /* BooksView.swift */; };
		40F936FA269388AE00A69B69 /* BookService.swift in Sources */ = {isa = PBXBuildFile; fileRef = 40F936F9269388AE00A69B69 /* BookService.swift */; };
		40F936FC269388EF00A69B69 /* BooksViewModel.swift in Sources */ = {isa = PBXBuildFile; fileRef = 40F936FB269388EF00A69B69 /* BooksViewModel.swift */; };
		40F936FF26938E4F00A69B69 /* RefreshIndicator.swift in Sources */ = {isa = PBXBuildFile; fileRef = 40F936FE26938E4F00A69B69 /* RefreshIndicator.swift */; };
/* End PBXBuildFile section */

/* Begin PBXFileReference section */
		401D74BF2732124900D915FE /* DemoView.swift */ = {isa = PBXFileReference; lastKnownFileType = sourcecode.swift; path = DemoView.swift; sourceTree = "<group>"; };
		401D74C12732131C00D915FE /* Arrow.swift */ = {isa = PBXFileReference; lastKnownFileType = sourcecode.swift; path = Arrow.swift; sourceTree = "<group>"; };
		401D74C4273213EC00D915FE /* FocusAlignment.swift */ = {isa = PBXFileReference; lastKnownFileType = sourcecode.swift; path = FocusAlignment.swift; sourceTree = "<group>"; };
		401D74C62732152800D915FE /* ViewExtensions.swift */ = {isa = PBXFileReference; lastKnownFileType = sourcecode.swift; path = ViewExtensions.swift; sourceTree = "<group>"; };
		401D74C8273215E600D915FE /* FocusModifier.swift */ = {isa = PBXFileReference; lastKnownFileType = sourcecode.swift; path = FocusModifier.swift; sourceTree = "<group>"; };
		401D74CA2732168300D915FE /* FocusAreaModifier.swift */ = {isa = PBXFileReference; lastKnownFileType = sourcecode.swift; path = FocusAreaModifier.swift; sourceTree = "<group>"; };
		40238A262672468C00E1519F /* WWDC21.app */ = {isa = PBXFileReference; explicitFileType = wrapper.application; includeInIndex = 0; path = WWDC21.app; sourceTree = BUILT_PRODUCTS_DIR; };
		40238A292672468C00E1519F /* WWDC21App.swift */ = {isa = PBXFileReference; lastKnownFileType = sourcecode.swift; path = WWDC21App.swift; sourceTree = "<group>"; };
		40238A2D2672468E00E1519F /* Assets.xcassets */ = {isa = PBXFileReference; lastKnownFileType = folder.assetcatalog; path = Assets.xcassets; sourceTree = "<group>"; };
		40238A302672468E00E1519F /* Preview Assets.xcassets */ = {isa = PBXFileReference; lastKnownFileType = folder.assetcatalog; path = "Preview Assets.xcassets"; sourceTree = "<group>"; };
		40238A38267246B300E1519F /* LoginView.swift */ = {isa = PBXFileReference; lastKnownFileType = sourcecode.swift; path = LoginView.swift; sourceTree = "<group>"; };
		407FB0FA2738416A0056CBF7 /* PulsatingAnimation.swift */ = {isa = PBXFileReference; lastKnownFileType = sourcecode.swift; path = PulsatingAnimation.swift; sourceTree = "<group>"; };
		407FB0FC273844630056CBF7 /* BackAndForthAnimation.swift */ = {isa = PBXFileReference; lastKnownFileType = sourcecode.swift; path = BackAndForthAnimation.swift; sourceTree = "<group>"; };
		407FB0FE273846A90056CBF7 /* BackAndForthPulsatingAnimation.swift */ = {isa = PBXFileReference; lastKnownFileType = sourcecode.swift; path = BackAndForthPulsatingAnimation.swift; sourceTree = "<group>"; };
		4086AB48267CD20400A932F9 /* ImageService.swift */ = {isa = PBXFileReference; lastKnownFileType = sourcecode.swift; path = ImageService.swift; sourceTree = "<group>"; };
		4086AB4A267CD32E00A932F9 /* image10.png */ = {isa = PBXFileReference; lastKnownFileType = image.png; path = image10.png; sourceTree = "<group>"; };
		4086AB4B267CD32E00A932F9 /* image5.png */ = {isa = PBXFileReference; lastKnownFileType = image.png; path = image5.png; sourceTree = "<group>"; };
		4086AB4C267CD32E00A932F9 /* image2.png */ = {isa = PBXFileReference; lastKnownFileType = image.png; path = image2.png; sourceTree = "<group>"; };
		4086AB4D267CD32E00A932F9 /* image1.png */ = {isa = PBXFileReference; lastKnownFileType = image.png; path = image1.png; sourceTree = "<group>"; };
		4086AB4E267CD32E00A932F9 /* image4.png */ = {isa = PBXFileReference; lastKnownFileType = image.png; path = image4.png; sourceTree = "<group>"; };
		4086AB4F267CD32E00A932F9 /* image3.png */ = {isa = PBXFileReference; lastKnownFileType = image.png; path = image3.png; sourceTree = "<group>"; };
		4086AB50267CD32E00A932F9 /* image6.png */ = {isa = PBXFileReference; lastKnownFileType = image.png; path = image6.png; sourceTree = "<group>"; };
		4086AB51267CD32E00A932F9 /* image7.png */ = {isa = PBXFileReference; lastKnownFileType = image.png; path = image7.png; sourceTree = "<group>"; };
		4086AB52267CD32E00A932F9 /* image8.png */ = {isa = PBXFileReference; lastKnownFileType = image.png; path = image8.png; sourceTree = "<group>"; };
		4086AB53267CD32E00A932F9 /* image9.png */ = {isa = PBXFileReference; lastKnownFileType = image.png; path = image9.png; sourceTree = "<group>"; };
		409F53162680C6F600C2ADD7 /* LoginViewModel.swift */ = {isa = PBXFileReference; lastKnownFileType = sourcecode.swift; path = LoginViewModel.swift; sourceTree = "<group>"; };
		409F531A2680C8C700C2ADD7 /* HomeView.swift */ = {isa = PBXFileReference; lastKnownFileType = sourcecode.swift; path = HomeView.swift; sourceTree = "<group>"; };
		409F531C2680C95500C2ADD7 /* HomeViewModel.swift */ = {isa = PBXFileReference; lastKnownFileType = sourcecode.swift; path = HomeViewModel.swift; sourceTree = "<group>"; };
		40A8DA0026C01772004125F0 /* MotionView.swift */ = {isa = PBXFileReference; lastKnownFileType = sourcecode.swift; path = MotionView.swift; sourceTree = "<group>"; };
		40A8DA0226C01974004125F0 /* MotionViewModel.swift */ = {isa = PBXFileReference; lastKnownFileType = sourcecode.swift; path = MotionViewModel.swift; sourceTree = "<group>"; };
		40A8DA0426C01BBD004125F0 /* MotionService.swift */ = {isa = PBXFileReference; lastKnownFileType = sourcecode.swift; path = MotionService.swift; sourceTree = "<group>"; };
		40A9EB22267B81290016FDEA /* LoginService.swift */ = {isa = PBXFileReference; lastKnownFileType = sourcecode.swift; path = LoginService.swift; sourceTree = "<group>"; };
		40A9EB25267B82320016FDEA /* NetworkService.swift */ = {isa = PBXFileReference; lastKnownFileType = sourcecode.swift; path = NetworkService.swift; sourceTree = "<group>"; };
		40DE9497273B539400F39DA2 /* SpinningAnimation.swift */ = {isa = PBXFileReference; lastKnownFileType = sourcecode.swift; path = SpinningAnimation.swift; sourceTree = "<group>"; };
		40DE9499273B55B400F39DA2 /* RotatingAndSpinningAnimation.swift */ = {isa = PBXFileReference; lastKnownFileType = sourcecode.swift; path = RotatingAndSpinningAnimation.swift; sourceTree = "<group>"; };
		40DE949D273B569200F39DA2 /* WheelAnimation.swift */ = {isa = PBXFileReference; lastKnownFileType = sourcecode.swift; path = WheelAnimation.swift; sourceTree = "<group>"; };
		40F936F22693851A00A69B69 /* Book.swift */ = {isa = PBXFileReference; lastKnownFileType = sourcecode.swift; path = Book.swift; sourceTree = "<group>"; };
		40F936F52693855000A69B69 /* WWDCTab.swift */ = {isa = PBXFileReference; lastKnownFileType = sourcecode.swift; path = WWDCTab.swift; sourceTree = "<group>"; };
		40F936F72693858100A69B69 /* BooksView.swift */ = {isa = PBXFileReference; lastKnownFileType = sourcecode.swift; path = BooksView.swift; sourceTree = "<group>"; };
		40F936F9269388AE00A69B69 /* BookService.swift */ = {isa = PBXFileReference; lastKnownFileType = sourcecode.swift; path = BookService.swift; sourceTree = "<group>"; };
		40F936FB269388EF00A69B69 /* BooksViewModel.swift */ = {isa = PBXFileReference; lastKnownFileType = sourcecode.swift; path = BooksViewModel.swift; sourceTree = "<group>"; };
		40F936FE26938E4F00A69B69 /* RefreshIndicator.swift */ = {isa = PBXFileReference; lastKnownFileType = sourcecode.swift; path = RefreshIndicator.swift; sourceTree = "<group>"; };
/* End PBXFileReference section */

/* Begin PBXFrameworksBuildPhase section */
		40238A232672468C00E1519F /* Frameworks */ = {
			isa = PBXFrameworksBuildPhase;
			buildActionMask = 2147483647;
			files = (
			);
			runOnlyForDeploymentPostprocessing = 0;
		};
/* End PBXFrameworksBuildPhase section */

/* Begin PBXGroup section */
		401D74BE2732123900D915FE /* DemoView */ = {
			isa = PBXGroup;
			children = (
				401D74C3273213E100D915FE /* Focus */,
				401D74BF2732124900D915FE /* DemoView.swift */,
				401D74C12732131C00D915FE /* Arrow.swift */,
			);
			path = DemoView;
			sourceTree = "<group>";
		};
		401D74C3273213E100D915FE /* Focus */ = {
			isa = PBXGroup;
			children = (
				401D74C4273213EC00D915FE /* FocusAlignment.swift */,
				401D74C62732152800D915FE /* ViewExtensions.swift */,
				401D74C8273215E600D915FE /* FocusModifier.swift */,
				401D74CA2732168300D915FE /* FocusAreaModifier.swift */,
			);
			path = Focus;
			sourceTree = "<group>";
		};
		40238A1D2672468C00E1519F = {
			isa = PBXGroup;
			children = (
				40238A282672468C00E1519F /* WWDC21 */,
				40238A272672468C00E1519F /* Products */,
			);
			sourceTree = "<group>";
		};
		40238A272672468C00E1519F /* Products */ = {
			isa = PBXGroup;
			children = (
				40238A262672468C00E1519F /* WWDC21.app */,
			);
			name = Products;
			sourceTree = "<group>";
		};
		40238A282672468C00E1519F /* WWDC21 */ = {
			isa = PBXGroup;
			children = (
				40F936F12693851400A69B69 /* Model */,
				40A9EB2A267B8A4C0016FDEA /* Resources */,
				40A9EB21267B81120016FDEA /* Services */,
				409F53182680C8B200C2ADD7 /* Scenes */,
				40238A292672468C00E1519F /* WWDC21App.swift */,
				40238A2D2672468E00E1519F /* Assets.xcassets */,
				40238A2F2672468E00E1519F /* Preview Content */,
			);
			path = WWDC21;
			sourceTree = "<group>";
		};
		40238A2F2672468E00E1519F /* Preview Content */ = {
			isa = PBXGroup;
			children = (
				40238A302672468E00E1519F /* Preview Assets.xcassets */,
			);
			path = "Preview Content";
			sourceTree = "<group>";
		};
		40238A37267246A400E1519F /* Login */ = {
			isa = PBXGroup;
			children = (
				40238A38267246B300E1519F /* LoginView.swift */,
				409F53162680C6F600C2ADD7 /* LoginViewModel.swift */,
			);
			path = Login;
			sourceTree = "<group>";
		};
		407FB0F72738413E0056CBF7 /* Animations */ = {
			isa = PBXGroup;
			children = (
				407FB0FA2738416A0056CBF7 /* PulsatingAnimation.swift */,
				407FB0FC273844630056CBF7 /* BackAndForthAnimation.swift */,
				407FB0FE273846A90056CBF7 /* BackAndForthPulsatingAnimation.swift */,
				40DE9497273B539400F39DA2 /* SpinningAnimation.swift */,
				40DE9499273B55B400F39DA2 /* RotatingAndSpinningAnimation.swift */,
				40DE949D273B569200F39DA2 /* WheelAnimation.swift */,
			);
			path = Animations;
			sourceTree = "<group>";
		};
		409F53182680C8B200C2ADD7 /* Scenes */ = {
			isa = PBXGroup;
			children = (
				407FB0F72738413E0056CBF7 /* Animations */,
				40F936FD26938E4800A69B69 /* Views */,
				40F936F42693854600A69B69 /* Books */,
				409F53192680C8C000C2ADD7 /* Home */,
				40A8D9FF26C01761004125F0 /* Motion */,
				40238A37267246A400E1519F /* Login */,
				401D74BE2732123900D915FE /* DemoView */,
				40F936F52693855000A69B69 /* WWDCTab.swift */,
			);
			path = Scenes;
			sourceTree = "<group>";
		};
		409F53192680C8C000C2ADD7 /* Home */ = {
			isa = PBXGroup;
			children = (
				409F531A2680C8C700C2ADD7 /* HomeView.swift */,
				409F531C2680C95500C2ADD7 /* HomeViewModel.swift */,
			);
			path = Home;
			sourceTree = "<group>";
		};
		40A8D9FF26C01761004125F0 /* Motion */ = {
			isa = PBXGroup;
			children = (
				40A8DA0026C01772004125F0 /* MotionView.swift */,
				40A8DA0226C01974004125F0 /* MotionViewModel.swift */,
			);
			path = Motion;
			sourceTree = "<group>";
		};
		40A9EB21267B81120016FDEA /* Services */ = {
			isa = PBXGroup;
			children = (
				40A9EB22267B81290016FDEA /* LoginService.swift */,
				40A9EB25267B82320016FDEA /* NetworkService.swift */,
				4086AB48267CD20400A932F9 /* ImageService.swift */,
				40F936F9269388AE00A69B69 /* BookService.swift */,
				40A8DA0426C01BBD004125F0 /* MotionService.swift */,
			);
			path = Services;
			sourceTree = "<group>";
		};
		40A9EB2A267B8A4C0016FDEA /* Resources */ = {
			isa = PBXGroup;
			children = (
				4086AB4D267CD32E00A932F9 /* image1.png */,
				4086AB4C267CD32E00A932F9 /* image2.png */,
				4086AB4F267CD32E00A932F9 /* image3.png */,
				4086AB4E267CD32E00A932F9 /* image4.png */,
				4086AB4B267CD32E00A932F9 /* image5.png */,
				4086AB50267CD32E00A932F9 /* image6.png */,
				4086AB51267CD32E00A932F9 /* image7.png */,
				4086AB52267CD32E00A932F9 /* image8.png */,
				4086AB53267CD32E00A932F9 /* image9.png */,
				4086AB4A267CD32E00A932F9 /* image10.png */,
			);
			path = Resources;
			sourceTree = "<group>";
		};
		40F936F12693851400A69B69 /* Model */ = {
			isa = PBXGroup;
			children = (
				40F936F22693851A00A69B69 /* Book.swift */,
			);
			path = Model;
			sourceTree = "<group>";
		};
		40F936F42693854600A69B69 /* Books */ = {
			isa = PBXGroup;
			children = (
				40F936F72693858100A69B69 /* BooksView.swift */,
				40F936FB269388EF00A69B69 /* BooksViewModel.swift */,
			);
			path = Books;
			sourceTree = "<group>";
		};
		40F936FD26938E4800A69B69 /* Views */ = {
			isa = PBXGroup;
			children = (
				40F936FE26938E4F00A69B69 /* RefreshIndicator.swift */,
			);
			path = Views;
			sourceTree = "<group>";
		};
/* End PBXGroup section */

/* Begin PBXNativeTarget section */
		40238A252672468C00E1519F /* WWDC21 */ = {
			isa = PBXNativeTarget;
			buildConfigurationList = 40238A342672468E00E1519F /* Build configuration list for PBXNativeTarget "WWDC21" */;
			buildPhases = (
				40238A222672468C00E1519F /* Sources */,
				40238A232672468C00E1519F /* Frameworks */,
				40238A242672468C00E1519F /* Resources */,
			);
			buildRules = (
			);
			dependencies = (
			);
			name = WWDC21;
			productName = WWDC21;
			productReference = 40238A262672468C00E1519F /* WWDC21.app */;
			productType = "com.apple.product-type.application";
		};
/* End PBXNativeTarget section */

/* Begin PBXProject section */
		40238A1E2672468C00E1519F /* Project object */ = {
			isa = PBXProject;
			attributes = {
				BuildIndependentTargetsInParallel = 1;
				LastSwiftUpdateCheck = 1300;
				LastUpgradeCheck = 1300;
				TargetAttributes = {
					40238A252672468C00E1519F = {
						CreatedOnToolsVersion = 13.0;
					};
				};
			};
			buildConfigurationList = 40238A212672468C00E1519F /* Build configuration list for PBXProject "WWDC21" */;
			compatibilityVersion = "Xcode 13.0";
			developmentRegion = en;
			hasScannedForEncodings = 0;
			knownRegions = (
				en,
				Base,
			);
			mainGroup = 40238A1D2672468C00E1519F;
			productRefGroup = 40238A272672468C00E1519F /* Products */;
			projectDirPath = "";
			projectRoot = "";
			targets = (
				40238A252672468C00E1519F /* WWDC21 */,
			);
		};
/* End PBXProject section */

/* Begin PBXResourcesBuildPhase section */
		40238A242672468C00E1519F /* Resources */ = {
			isa = PBXResourcesBuildPhase;
			buildActionMask = 2147483647;
			files = (
				40238A312672468E00E1519F /* Preview Assets.xcassets in Resources */,
				4086AB5D267CD32E00A932F9 /* image9.png in Resources */,
				4086AB5B267CD32E00A932F9 /* image7.png in Resources */,
				4086AB5A267CD32E00A932F9 /* image6.png in Resources */,
				4086AB5C267CD32E00A932F9 /* image8.png in Resources */,
				4086AB56267CD32E00A932F9 /* image2.png in Resources */,
				4086AB55267CD32E00A932F9 /* image5.png in Resources */,
				4086AB59267CD32E00A932F9 /* image3.png in Resources */,
				4086AB57267CD32E00A932F9 /* image1.png in Resources */,
				4086AB58267CD32E00A932F9 /* image4.png in Resources */,
				40238A2E2672468E00E1519F /* Assets.xcassets in Resources */,
				4086AB54267CD32E00A932F9 /* image10.png in Resources */,
			);
			runOnlyForDeploymentPostprocessing = 0;
		};
/* End PBXResourcesBuildPhase section */

/* Begin PBXSourcesBuildPhase section */
		40238A222672468C00E1519F /* Sources */ = {
			isa = PBXSourcesBuildPhase;
			buildActionMask = 2147483647;
			files = (
				40238A39267246B300E1519F /* LoginView.swift in Sources */,
				401D74C72732152800D915FE /* ViewExtensions.swift in Sources */,
				401D74C22732131C00D915FE /* Arrow.swift in Sources */,
				407FB0FF273846A90056CBF7 /* BackAndForthPulsatingAnimation.swift in Sources */,
				40A8DA0126C01772004125F0 /* MotionView.swift in Sources */,
				40A8DA0326C01974004125F0 /* MotionViewModel.swift in Sources */,
				401D74C9273215E600D915FE /* FocusModifier.swift in Sources */,
				409F531B2680C8C700C2ADD7 /* HomeView.swift in Sources */,
				40A9EB23267B81290016FDEA /* LoginService.swift in Sources */,
				40F936F82693858100A69B69 /* BooksView.swift in Sources */,
				409F531D2680C95500C2ADD7 /* HomeViewModel.swift in Sources */,
				40F936FF26938E4F00A69B69 /* RefreshIndicator.swift in Sources */,
				40DE9498273B539400F39DA2 /* SpinningAnimation.swift in Sources */,
				407FB0FD273844630056CBF7 /* BackAndForthAnimation.swift in Sources */,
				409F53172680C6F600C2ADD7 /* LoginViewModel.swift in Sources */,
				401D74CB2732168300D915FE /* FocusAreaModifier.swift in Sources */,
				401D74C5273213EC00D915FE /* FocusAlignment.swift in Sources */,
				40F936F32693851A00A69B69 /* Book.swift in Sources */,
				40F936F62693855000A69B69 /* WWDCTab.swift in Sources */,
				40F936FC269388EF00A69B69 /* BooksViewModel.swift in Sources */,
				40F936FA269388AE00A69B69 /* BookService.swift in Sources */,
				407FB0FB2738416A0056CBF7 /* PulsatingAnimation.swift in Sources */,
				401D74C02732124900D915FE /* DemoView.swift in Sources */,
				40A9EB26267B82320016FDEA /* NetworkService.swift in Sources */,
				40238A2A2672468C00E1519F /* WWDC21App.swift in Sources */,
				40A8DA0526C01BBD004125F0 /* MotionService.swift in Sources */,
				40DE949E273B569200F39DA2 /* WheelAnimation.swift in Sources */,
				40DE949A273B55B400F39DA2 /* RotatingAndSpinningAnimation.swift in Sources */,
				4086AB49267CD20400A932F9 /* ImageService.swift in Sources */,
			);
			runOnlyForDeploymentPostprocessing = 0;
		};
/* End PBXSourcesBuildPhase section */

/* Begin XCBuildConfiguration section */
		40238A322672468E00E1519F /* Debug */ = {
			isa = XCBuildConfiguration;
			buildSettings = {
				ALWAYS_SEARCH_USER_PATHS = NO;
				CLANG_ANALYZER_NONNULL = YES;
				CLANG_ANALYZER_NUMBER_OBJECT_CONVERSION = YES_AGGRESSIVE;
				CLANG_CXX_LANGUAGE_STANDARD = "gnu++14";
				CLANG_CXX_LIBRARY = "libc++";
				CLANG_ENABLE_MODULES = YES;
				CLANG_ENABLE_OBJC_ARC = YES;
				CLANG_ENABLE_OBJC_WEAK = YES;
				CLANG_WARN_BLOCK_CAPTURE_AUTORELEASING = YES;
				CLANG_WARN_BOOL_CONVERSION = YES;
				CLANG_WARN_COMMA = YES;
				CLANG_WARN_CONSTANT_CONVERSION = YES;
				CLANG_WARN_DEPRECATED_OBJC_IMPLEMENTATIONS = YES;
				CLANG_WARN_DIRECT_OBJC_ISA_USAGE = YES_ERROR;
				CLANG_WARN_DOCUMENTATION_COMMENTS = YES;
				CLANG_WARN_EMPTY_BODY = YES;
				CLANG_WARN_ENUM_CONVERSION = YES;
				CLANG_WARN_INFINITE_RECURSION = YES;
				CLANG_WARN_INT_CONVERSION = YES;
				CLANG_WARN_NON_LITERAL_NULL_CONVERSION = YES;
				CLANG_WARN_OBJC_IMPLICIT_RETAIN_SELF = YES;
				CLANG_WARN_OBJC_LITERAL_CONVERSION = YES;
				CLANG_WARN_OBJC_ROOT_CLASS = YES_ERROR;
				CLANG_WARN_QUOTED_INCLUDE_IN_FRAMEWORK_HEADER = YES;
				CLANG_WARN_RANGE_LOOP_ANALYSIS = YES;
				CLANG_WARN_STRICT_PROTOTYPES = YES;
				CLANG_WARN_SUSPICIOUS_MOVE = YES;
				CLANG_WARN_UNGUARDED_AVAILABILITY = YES_AGGRESSIVE;
				CLANG_WARN_UNREACHABLE_CODE = YES;
				CLANG_WARN__DUPLICATE_METHOD_MATCH = YES;
				COPY_PHASE_STRIP = NO;
				DEBUG_INFORMATION_FORMAT = dwarf;
				ENABLE_STRICT_OBJC_MSGSEND = YES;
				ENABLE_TESTABILITY = YES;
				GCC_C_LANGUAGE_STANDARD = gnu11;
				GCC_DYNAMIC_NO_PIC = NO;
				GCC_NO_COMMON_BLOCKS = YES;
				GCC_OPTIMIZATION_LEVEL = 0;
				GCC_PREPROCESSOR_DEFINITIONS = (
					"DEBUG=1",
					"$(inherited)",
				);
				GCC_WARN_64_TO_32_BIT_CONVERSION = YES;
				GCC_WARN_ABOUT_RETURN_TYPE = YES_ERROR;
				GCC_WARN_UNDECLARED_SELECTOR = YES;
				GCC_WARN_UNINITIALIZED_AUTOS = YES_AGGRESSIVE;
				GCC_WARN_UNUSED_FUNCTION = YES;
				GCC_WARN_UNUSED_VARIABLE = YES;
				IPHONEOS_DEPLOYMENT_TARGET = 15.0;
				MTL_ENABLE_DEBUG_INFO = INCLUDE_SOURCE;
				MTL_FAST_MATH = YES;
				ONLY_ACTIVE_ARCH = YES;
				SDKROOT = iphoneos;
				SWIFT_ACTIVE_COMPILATION_CONDITIONS = DEBUG;
				SWIFT_OPTIMIZATION_LEVEL = "-Onone";
			};
			name = Debug;
		};
		40238A332672468E00E1519F /* Release */ = {
			isa = XCBuildConfiguration;
			buildSettings = {
				ALWAYS_SEARCH_USER_PATHS = NO;
				CLANG_ANALYZER_NONNULL = YES;
				CLANG_ANALYZER_NUMBER_OBJECT_CONVERSION = YES_AGGRESSIVE;
				CLANG_CXX_LANGUAGE_STANDARD = "gnu++14";
				CLANG_CXX_LIBRARY = "libc++";
				CLANG_ENABLE_MODULES = YES;
				CLANG_ENABLE_OBJC_ARC = YES;
				CLANG_ENABLE_OBJC_WEAK = YES;
				CLANG_WARN_BLOCK_CAPTURE_AUTORELEASING = YES;
				CLANG_WARN_BOOL_CONVERSION = YES;
				CLANG_WARN_COMMA = YES;
				CLANG_WARN_CONSTANT_CONVERSION = YES;
				CLANG_WARN_DEPRECATED_OBJC_IMPLEMENTATIONS = YES;
				CLANG_WARN_DIRECT_OBJC_ISA_USAGE = YES_ERROR;
				CLANG_WARN_DOCUMENTATION_COMMENTS = YES;
				CLANG_WARN_EMPTY_BODY = YES;
				CLANG_WARN_ENUM_CONVERSION = YES;
				CLANG_WARN_INFINITE_RECURSION = YES;
				CLANG_WARN_INT_CONVERSION = YES;
				CLANG_WARN_NON_LITERAL_NULL_CONVERSION = YES;
				CLANG_WARN_OBJC_IMPLICIT_RETAIN_SELF = YES;
				CLANG_WARN_OBJC_LITERAL_CONVERSION = YES;
				CLANG_WARN_OBJC_ROOT_CLASS = YES_ERROR;
				CLANG_WARN_QUOTED_INCLUDE_IN_FRAMEWORK_HEADER = YES;
				CLANG_WARN_RANGE_LOOP_ANALYSIS = YES;
				CLANG_WARN_STRICT_PROTOTYPES = YES;
				CLANG_WARN_SUSPICIOUS_MOVE = YES;
				CLANG_WARN_UNGUARDED_AVAILABILITY = YES_AGGRESSIVE;
				CLANG_WARN_UNREACHABLE_CODE = YES;
				CLANG_WARN__DUPLICATE_METHOD_MATCH = YES;
				COPY_PHASE_STRIP = NO;
				DEBUG_INFORMATION_FORMAT = "dwarf-with-dsym";
				ENABLE_NS_ASSERTIONS = NO;
				ENABLE_STRICT_OBJC_MSGSEND = YES;
				GCC_C_LANGUAGE_STANDARD = gnu11;
				GCC_NO_COMMON_BLOCKS = YES;
				GCC_WARN_64_TO_32_BIT_CONVERSION = YES;
				GCC_WARN_ABOUT_RETURN_TYPE = YES_ERROR;
				GCC_WARN_UNDECLARED_SELECTOR = YES;
				GCC_WARN_UNINITIALIZED_AUTOS = YES_AGGRESSIVE;
				GCC_WARN_UNUSED_FUNCTION = YES;
				GCC_WARN_UNUSED_VARIABLE = YES;
				IPHONEOS_DEPLOYMENT_TARGET = 15.0;
				MTL_ENABLE_DEBUG_INFO = NO;
				MTL_FAST_MATH = YES;
				SDKROOT = iphoneos;
				SWIFT_COMPILATION_MODE = wholemodule;
				SWIFT_OPTIMIZATION_LEVEL = "-O";
				VALIDATE_PRODUCT = YES;
			};
			name = Release;
		};
		40238A352672468E00E1519F /* Debug */ = {
			isa = XCBuildConfiguration;
			buildSettings = {
				ASSETCATALOG_COMPILER_APPICON_NAME = AppIcon;
				ASSETCATALOG_COMPILER_GLOBAL_ACCENT_COLOR_NAME = AccentColor;
				CODE_SIGN_STYLE = Automatic;
				CURRENT_PROJECT_VERSION = 1;
				DEVELOPMENT_ASSET_PATHS = "\"WWDC21/Preview Content\"";
				DEVELOPMENT_TEAM = "";
				ENABLE_PREVIEWS = YES;
				GENERATE_INFOPLIST_FILE = YES;
				INFOPLIST_KEY_UIApplicationSceneManifest_Generation = YES;
				INFOPLIST_KEY_UIApplicationSupportsIndirectInputEvents = YES;
				INFOPLIST_KEY_UILaunchScreen_Generation = YES;
				INFOPLIST_KEY_UISupportedInterfaceOrientations_iPad = "UIInterfaceOrientationPortrait UIInterfaceOrientationPortraitUpsideDown UIInterfaceOrientationLandscapeLeft UIInterfaceOrientationLandscapeRight";
				INFOPLIST_KEY_UISupportedInterfaceOrientations_iPhone = "UIInterfaceOrientationPortrait UIInterfaceOrientationLandscapeLeft UIInterfaceOrientationLandscapeRight";
				IPHONEOS_DEPLOYMENT_TARGET = 15.0;
				LD_RUNPATH_SEARCH_PATHS = (
					"$(inherited)",
					"@executable_path/Frameworks",
				);
				MARKETING_VERSION = 1.0;
				PRODUCT_BUNDLE_IDENTIFIER = com.CodingWithTom.WWDC21;
				PRODUCT_NAME = "$(TARGET_NAME)";
				SWIFT_EMIT_LOC_STRINGS = YES;
				SWIFT_VERSION = 5.0;
				TARGETED_DEVICE_FAMILY = "1,2";
			};
			name = Debug;
		};
		40238A362672468E00E1519F /* Release */ = {
			isa = XCBuildConfiguration;
			buildSettings = {
				ASSETCATALOG_COMPILER_APPICON_NAME = AppIcon;
				ASSETCATALOG_COMPILER_GLOBAL_ACCENT_COLOR_NAME = AccentColor;
				CODE_SIGN_STYLE = Automatic;
				CURRENT_PROJECT_VERSION = 1;
				DEVELOPMENT_ASSET_PATHS = "\"WWDC21/Preview Content\"";
				DEVELOPMENT_TEAM = "";
				ENABLE_PREVIEWS = YES;
				GENERATE_INFOPLIST_FILE = YES;
				INFOPLIST_KEY_UIApplicationSceneManifest_Generation = YES;
				INFOPLIST_KEY_UIApplicationSupportsIndirectInputEvents = YES;
				INFOPLIST_KEY_UILaunchScreen_Generation = YES;
				INFOPLIST_KEY_UISupportedInterfaceOrientations_iPad = "UIInterfaceOrientationPortrait UIInterfaceOrientationPortraitUpsideDown UIInterfaceOrientationLandscapeLeft UIInterfaceOrientationLandscapeRight";
				INFOPLIST_KEY_UISupportedInterfaceOrientations_iPhone = "UIInterfaceOrientationPortrait UIInterfaceOrientationLandscapeLeft UIInterfaceOrientationLandscapeRight";
				IPHONEOS_DEPLOYMENT_TARGET = 15.0;
				LD_RUNPATH_SEARCH_PATHS = (
					"$(inherited)",
					"@executable_path/Frameworks",
				);
				MARKETING_VERSION = 1.0;
				PRODUCT_BUNDLE_IDENTIFIER = com.CodingWithTom.WWDC21;
				PRODUCT_NAME = "$(TARGET_NAME)";
				SWIFT_EMIT_LOC_STRINGS = YES;
				SWIFT_VERSION = 5.0;
				TARGETED_DEVICE_FAMILY = "1,2";
			};
			name = Release;
		};
/* End XCBuildConfiguration section */

/* Begin XCConfigurationList section */
		40238A212672468C00E1519F /* Build configuration list for PBXProject "WWDC21" */ = {
			isa = XCConfigurationList;
			buildConfigurations = (
				40238A322672468E00E1519F /* Debug */,
				40238A332672468E00E1519F /* Release */,
			);
			defaultConfigurationIsVisible = 0;
			defaultConfigurationName = Release;
		};
		40238A342672468E00E1519F /* Build configuration list for PBXNativeTarget "WWDC21" */ = {
			isa = XCConfigurationList;
			buildConfigurations = (
				40238A352672468E00E1519F /* Debug */,
				40238A362672468E00E1519F /* Release */,
			);
			defaultConfigurationIsVisible = 0;
			defaultConfigurationName = Release;
		};
/* End XCConfigurationList section */
	};
	rootObject = 40238A1E2672468C00E1519F /* Project object */;
}
